// !$*UTF8*$!
{
	archiveVersion = 1;
	classes = {
	};
	objectVersion = 46;
	objects = {

/* Begin PBXBuildFile section */
		2017130F1D31F755004E92C3 /* CommandArguments+Internal.swift in Sources */ = {isa = PBXBuildFile; fileRef = 2017130E1D31F755004E92C3 /* CommandArguments+Internal.swift */; };
		201713151D320A7B004E92C3 /* RequiredTests.swift in Sources */ = {isa = PBXBuildFile; fileRef = 201713141D320A7B004E92C3 /* RequiredTests.swift */; };
		201713191D32158A004E92C3 /* Required.swift in Sources */ = {isa = PBXBuildFile; fileRef = 201713181D32158A004E92C3 /* Required.swift */; };
		2017131B1D3215CA004E92C3 /* Optional.swift in Sources */ = {isa = PBXBuildFile; fileRef = 2017131A1D3215CA004E92C3 /* Optional.swift */; };
		2017131D1D32174A004E92C3 /* OptionalTests.swift in Sources */ = {isa = PBXBuildFile; fileRef = 2017131C1D32174A004E92C3 /* OptionalTests.swift */; };
		2017131F1D3217F0004E92C3 /* Multiple.swift in Sources */ = {isa = PBXBuildFile; fileRef = 2017131E1D3217F0004E92C3 /* Multiple.swift */; };
		201713211D3219D1004E92C3 /* MultipleTests.swift in Sources */ = {isa = PBXBuildFile; fileRef = 201713201D3219D1004E92C3 /* MultipleTests.swift */; };
		201713251D321C26004E92C3 /* TrailingOperandTests.swift in Sources */ = {isa = PBXBuildFile; fileRef = 201713241D321C26004E92C3 /* TrailingOperandTests.swift */; };
		201713271D321C5E004E92C3 /* Variadic.swift in Sources */ = {isa = PBXBuildFile; fileRef = 201713261D321C5E004E92C3 /* Variadic.swift */; };
		201713291D321E60004E92C3 /* VariadicTests.swift in Sources */ = {isa = PBXBuildFile; fileRef = 201713281D321E60004E92C3 /* VariadicTests.swift */; };
		2017132B1D3224A3004E92C3 /* Flag.swift in Sources */ = {isa = PBXBuildFile; fileRef = 2017132A1D3224A3004E92C3 /* Flag.swift */; };
		2017132D1D32257C004E92C3 /* FlagTests.swift in Sources */ = {isa = PBXBuildFile; fileRef = 2017132C1D32257C004E92C3 /* FlagTests.swift */; };
		207DC7DB1D30F59800989E1E /* Errors.swift in Sources */ = {isa = PBXBuildFile; fileRef = 207DC7DA1D30F59800989E1E /* Errors.swift */; };
		20C5E2201D2CFBD500B20FB5 /* CommandArgumentsTests.swift in Sources */ = {isa = PBXBuildFile; fileRef = 20C5E21F1D2CFBD500B20FB5 /* CommandArgumentsTests.swift */; };
		_LinkFileRef_CommandArguments_via_CommandArgumentsTestSuite /* CommandArguments.framework in Frameworks */ = {isa = PBXBuildFile; fileRef = "_____Product_CommandArguments" /* CommandArguments.framework */; };
		__src_cc_ref_Sources/CommandArguments.swift /* CommandArguments.swift in Sources */ = {isa = PBXBuildFile; fileRef = __PBXFileRef_Sources/CommandArguments.swift /* CommandArguments.swift */; };
/* End PBXBuildFile section */

/* Begin PBXContainerItemProxy section */
		20B57EA01D286D50007996AA /* PBXContainerItemProxy */ = {
			isa = PBXContainerItemProxy;
			containerPortal = __RootObject_ /* Project object */;
			proxyType = 1;
			remoteGlobalIDString = "______Target_CommandArguments";
			remoteInfo = CommandArguments;
		};
/* End PBXContainerItemProxy section */

/* Begin PBXFileReference section */
		2017130E1D31F755004E92C3 /* CommandArguments+Internal.swift */ = {isa = PBXFileReference; fileEncoding = 4; lastKnownFileType = sourcecode.swift; path = "CommandArguments+Internal.swift"; sourceTree = "<group>"; };
		201713141D320A7B004E92C3 /* RequiredTests.swift */ = {isa = PBXFileReference; fileEncoding = 4; lastKnownFileType = sourcecode.swift; path = RequiredTests.swift; sourceTree = "<group>"; };
		201713181D32158A004E92C3 /* Required.swift */ = {isa = PBXFileReference; fileEncoding = 4; lastKnownFileType = sourcecode.swift; path = Required.swift; sourceTree = "<group>"; };
		2017131A1D3215CA004E92C3 /* Optional.swift */ = {isa = PBXFileReference; fileEncoding = 4; lastKnownFileType = sourcecode.swift; path = Optional.swift; sourceTree = "<group>"; };
		2017131C1D32174A004E92C3 /* OptionalTests.swift */ = {isa = PBXFileReference; fileEncoding = 4; lastKnownFileType = sourcecode.swift; path = OptionalTests.swift; sourceTree = "<group>"; };
		2017131E1D3217F0004E92C3 /* Multiple.swift */ = {isa = PBXFileReference; fileEncoding = 4; lastKnownFileType = sourcecode.swift; path = Multiple.swift; sourceTree = "<group>"; };
		201713201D3219D1004E92C3 /* MultipleTests.swift */ = {isa = PBXFileReference; fileEncoding = 4; lastKnownFileType = sourcecode.swift; path = MultipleTests.swift; sourceTree = "<group>"; };
		201713241D321C26004E92C3 /* TrailingOperandTests.swift */ = {isa = PBXFileReference; fileEncoding = 4; lastKnownFileType = sourcecode.swift; path = TrailingOperandTests.swift; sourceTree = "<group>"; };
		201713261D321C5E004E92C3 /* Variadic.swift */ = {isa = PBXFileReference; fileEncoding = 4; lastKnownFileType = sourcecode.swift; path = Variadic.swift; sourceTree = "<group>"; };
		201713281D321E60004E92C3 /* VariadicTests.swift */ = {isa = PBXFileReference; fileEncoding = 4; lastKnownFileType = sourcecode.swift; path = VariadicTests.swift; sourceTree = "<group>"; };
		2017132A1D3224A3004E92C3 /* Flag.swift */ = {isa = PBXFileReference; fileEncoding = 4; lastKnownFileType = sourcecode.swift; path = Flag.swift; sourceTree = "<group>"; };
		2017132C1D32257C004E92C3 /* FlagTests.swift */ = {isa = PBXFileReference; fileEncoding = 4; lastKnownFileType = sourcecode.swift; path = FlagTests.swift; sourceTree = "<group>"; };
		207DC7DA1D30F59800989E1E /* Errors.swift */ = {isa = PBXFileReference; fileEncoding = 4; lastKnownFileType = sourcecode.swift; path = Errors.swift; sourceTree = "<group>"; };
		20C5E21F1D2CFBD500B20FB5 /* CommandArgumentsTests.swift */ = {isa = PBXFileReference; fileEncoding = 4; lastKnownFileType = sourcecode.swift; path = CommandArgumentsTests.swift; sourceTree = "<group>"; };
		20E8609F1D2EEB8900E2F394 /* Doc.playground */ = {isa = PBXFileReference; lastKnownFileType = file.playground; path = Doc.playground; sourceTree = "<group>"; };
		20E860A01D2EED5400E2F394 /* README.md */ = {isa = PBXFileReference; lastKnownFileType = net.daringfireball.markdown; path = README.md; sourceTree = "<group>"; };
		__PBXFileRef_CommandArguments.xcodeproj/Configs/Project.xcconfig /* Project.xcconfig */ = {isa = PBXFileReference; lastKnownFileType = text.xcconfig; name = Project.xcconfig; path = CommandArguments.xcodeproj/Configs/Project.xcconfig; sourceTree = "<group>"; };
		__PBXFileRef_CommandArgumentsTestSuite_Info.plist /* CommandArgumentsTestSuite_Info.plist */ = {isa = PBXFileReference; lastKnownFileType = text.plist.xml; name = CommandArgumentsTestSuite_Info.plist; path = CommandArguments.xcodeproj/CommandArgumentsTestSuite_Info.plist; sourceTree = SOURCE_ROOT; };
		__PBXFileRef_CommandArguments_Info.plist /* CommandArguments_Info.plist */ = {isa = PBXFileReference; lastKnownFileType = text.plist.xml; name = CommandArguments_Info.plist; path = CommandArguments.xcodeproj/CommandArguments_Info.plist; sourceTree = SOURCE_ROOT; };
		__PBXFileRef_Package.swift /* Package.swift */ = {isa = PBXFileReference; lastKnownFileType = sourcecode.swift; path = Package.swift; sourceTree = "<group>"; };
		__PBXFileRef_Sources/CommandArguments.swift /* CommandArguments.swift */ = {isa = PBXFileReference; lastKnownFileType = sourcecode.swift; path = CommandArguments.swift; sourceTree = "<group>"; };
		"_____Product_CommandArguments" /* CommandArguments.framework */ = {isa = PBXFileReference; explicitFileType = wrapper.framework; path = CommandArguments.framework; sourceTree = BUILT_PRODUCTS_DIR; };
		"_____Product_CommandArgumentsTestSuite" /* CommandArgumentsTestSuite.xctest */ = {isa = PBXFileReference; lastKnownFileType = file; path = CommandArgumentsTestSuite.xctest; sourceTree = BUILT_PRODUCTS_DIR; };
/* End PBXFileReference section */

/* Begin PBXFrameworksBuildPhase section */
		"___LinkPhase_CommandArguments" /* Frameworks */ = {
			isa = PBXFrameworksBuildPhase;
			buildActionMask = 0;
			files = (
			);
			runOnlyForDeploymentPostprocessing = 0;
		};
		"___LinkPhase_CommandArgumentsTestSuite" /* Frameworks */ = {
			isa = PBXFrameworksBuildPhase;
			buildActionMask = 0;
			files = (
				_LinkFileRef_CommandArguments_via_CommandArgumentsTestSuite /* CommandArguments.framework in Frameworks */,
			);
			runOnlyForDeploymentPostprocessing = 0;
		};
/* End PBXFrameworksBuildPhase section */

/* Begin PBXGroup section */
		TestProducts_ /* Tests */ = {
			isa = PBXGroup;
			children = (
				"_____Product_CommandArgumentsTestSuite" /* CommandArgumentsTestSuite.xctest */,
			);
			name = Tests;
			sourceTree = "<group>";
		};
		"___RootGroup_" = {
			isa = PBXGroup;
			children = (
				20E8609F1D2EEB8900E2F394 /* Doc.playground */,
				20E860A01D2EED5400E2F394 /* README.md */,
				__PBXFileRef_Package.swift /* Package.swift */,
				"_____Configs_" /* Configs */,
				"_____Sources_" /* Sources */,
				"_______Tests_" /* Tests */,
				"____Products_" /* Products */,
			);
			sourceTree = "<group>";
		};
		"____Products_" /* Products */ = {
			isa = PBXGroup;
			children = (
				TestProducts_ /* Tests */,
				"_____Product_CommandArguments" /* CommandArguments.framework */,
			);
			name = Products;
			sourceTree = "<group>";
		};
		"_____Configs_" /* Configs */ = {
			isa = PBXGroup;
			children = (
				__PBXFileRef_CommandArguments.xcodeproj/Configs/Project.xcconfig /* Project.xcconfig */,
			);
			name = Configs;
			sourceTree = "<group>";
		};
		"_____Sources_" /* Sources */ = {
			isa = PBXGroup;
			children = (
				"_______Group_CommandArguments" /* CommandArguments */,
			);
			name = Sources;
			sourceTree = "<group>";
		};
		"_______Group_CommandArguments" /* CommandArguments */ = {
			isa = PBXGroup;
			children = (
				__PBXFileRef_CommandArguments_Info.plist /* CommandArguments_Info.plist */,
				207DC7DA1D30F59800989E1E /* Errors.swift */,
				__PBXFileRef_Sources/CommandArguments.swift /* CommandArguments.swift */,
				2017130E1D31F755004E92C3 /* CommandArguments+Internal.swift */,
				2017132A1D3224A3004E92C3 /* Flag.swift */,
				201713181D32158A004E92C3 /* Required.swift */,
				2017131A1D3215CA004E92C3 /* Optional.swift */,
				2017131E1D3217F0004E92C3 /* Multiple.swift */,
				201713261D321C5E004E92C3 /* Variadic.swift */,
			);
			name = CommandArguments;
			path = Sources;
			sourceTree = "<group>";
		};
		"_______Group_CommandArgumentsTestSuite" /* CommandArgumentsTestSuite */ = {
			isa = PBXGroup;
			children = (
				__PBXFileRef_CommandArgumentsTestSuite_Info.plist /* CommandArgumentsTestSuite_Info.plist */,
				20C5E21F1D2CFBD500B20FB5 /* CommandArgumentsTests.swift */,
				2017132C1D32257C004E92C3 /* FlagTests.swift */,
				201713141D320A7B004E92C3 /* RequiredTests.swift */,
				2017131C1D32174A004E92C3 /* OptionalTests.swift */,
				201713201D3219D1004E92C3 /* MultipleTests.swift */,
				201713241D321C26004E92C3 /* TrailingOperandTests.swift */,
				201713281D321E60004E92C3 /* VariadicTests.swift */,
			);
			name = CommandArgumentsTestSuite;
			path = Tests/CommandArguments;
			sourceTree = "<group>";
		};
		"_______Tests_" /* Tests */ = {
			isa = PBXGroup;
			children = (
				"_______Group_CommandArgumentsTestSuite" /* CommandArgumentsTestSuite */,
			);
			name = Tests;
			sourceTree = "<group>";
		};
/* End PBXGroup section */

/* Begin PBXNativeTarget section */
		"______Target_CommandArguments" /* CommandArguments */ = {
			isa = PBXNativeTarget;
			buildConfigurationList = "_______Confs_CommandArguments" /* Build configuration list for PBXNativeTarget "CommandArguments" */;
			buildPhases = (
				CompilePhase_CommandArguments /* Sources */,
				"___LinkPhase_CommandArguments" /* Frameworks */,
			);
			buildRules = (
			);
			dependencies = (
			);
			name = CommandArguments;
			productName = CommandArguments;
			productReference = "_____Product_CommandArguments" /* CommandArguments.framework */;
			productType = "com.apple.product-type.framework";
		};
		"______Target_CommandArgumentsTestSuite" /* CommandArgumentsTestSuite */ = {
			isa = PBXNativeTarget;
			buildConfigurationList = "_______Confs_CommandArgumentsTestSuite" /* Build configuration list for PBXNativeTarget "CommandArgumentsTestSuite" */;
			buildPhases = (
				CompilePhase_CommandArgumentsTestSuite /* Sources */,
				"___LinkPhase_CommandArgumentsTestSuite" /* Frameworks */,
			);
			buildRules = (
			);
			dependencies = (
				__Dependency_CommandArguments /* PBXTargetDependency */,
			);
			name = CommandArgumentsTestSuite;
			productName = CommandArgumentsTestSuite;
			productReference = "_____Product_CommandArgumentsTestSuite" /* CommandArgumentsTestSuite.xctest */;
			productType = "com.apple.product-type.bundle.unit-test";
		};
/* End PBXNativeTarget section */

/* Begin PBXProject section */
		__RootObject_ /* Project object */ = {
			isa = PBXProject;
			attributes = {
				LastUpgradeCheck = 9999;
			};
			buildConfigurationList = "___RootConfs_" /* Build configuration list for PBXProject "CommandArguments" */;
			compatibilityVersion = "Xcode 3.2";
			developmentRegion = English;
			hasScannedForEncodings = 0;
			knownRegions = (
				en,
			);
			mainGroup = "___RootGroup_";
			productRefGroup = "____Products_" /* Products */;
			projectDirPath = "";
			projectRoot = "";
			targets = (
				"______Target_CommandArguments" /* CommandArguments */,
				"______Target_CommandArgumentsTestSuite" /* CommandArgumentsTestSuite */,
			);
		};
/* End PBXProject section */

/* Begin PBXSourcesBuildPhase section */
		CompilePhase_CommandArguments /* Sources */ = {
			isa = PBXSourcesBuildPhase;
			buildActionMask = 0;
			files = (
				201713271D321C5E004E92C3 /* Variadic.swift in Sources */,
				207DC7DB1D30F59800989E1E /* Errors.swift in Sources */,
				2017131B1D3215CA004E92C3 /* Optional.swift in Sources */,
				__src_cc_ref_Sources/CommandArguments.swift /* CommandArguments.swift in Sources */,
				2017131F1D3217F0004E92C3 /* Multiple.swift in Sources */,
				201713191D32158A004E92C3 /* Required.swift in Sources */,
				2017130F1D31F755004E92C3 /* CommandArguments+Internal.swift in Sources */,
				2017132B1D3224A3004E92C3 /* Flag.swift in Sources */,
			);
			runOnlyForDeploymentPostprocessing = 0;
		};
		CompilePhase_CommandArgumentsTestSuite /* Sources */ = {
			isa = PBXSourcesBuildPhase;
			buildActionMask = 0;
			files = (
				201713151D320A7B004E92C3 /* RequiredTests.swift in Sources */,
				201713211D3219D1004E92C3 /* MultipleTests.swift in Sources */,
				201713291D321E60004E92C3 /* VariadicTests.swift in Sources */,
				2017132D1D32257C004E92C3 /* FlagTests.swift in Sources */,
				20C5E2201D2CFBD500B20FB5 /* CommandArgumentsTests.swift in Sources */,
				201713251D321C26004E92C3 /* TrailingOperandTests.swift in Sources */,
				2017131D1D32174A004E92C3 /* OptionalTests.swift in Sources */,
			);
			runOnlyForDeploymentPostprocessing = 0;
		};
/* End PBXSourcesBuildPhase section */

/* Begin PBXTargetDependency section */
		__Dependency_CommandArguments /* PBXTargetDependency */ = {
			isa = PBXTargetDependency;
			target = "______Target_CommandArguments" /* CommandArguments */;
			targetProxy = 20B57EA01D286D50007996AA /* PBXContainerItemProxy */;
		};
/* End PBXTargetDependency section */

/* Begin XCBuildConfiguration section */
		_ReleaseConf_CommandArguments /* Release */ = {
			isa = XCBuildConfiguration;
			buildSettings = {
				ENABLE_TESTABILITY = YES;
				INFOPLIST_FILE = CommandArguments.xcodeproj/CommandArguments_Info.plist;
				LD_RUNPATH_SEARCH_PATHS = "$(TOOLCHAIN_DIR)/usr/lib/swift/macosx";
				OTHER_LDFLAGS = "$(inherited)";
				OTHER_SWIFT_FLAGS = "$(inherited)";
				PRODUCT_MODULE_NAME = "$(TARGET_NAME:c99extidentifier)";
				PRODUCT_NAME = "$(TARGET_NAME:c99extidentifier)";
			};
			name = Release;
		};
		_ReleaseConf_CommandArgumentsTestSuite /* Release */ = {
			isa = XCBuildConfiguration;
			buildSettings = {
				EMBEDDED_CONTENT_CONTAINS_SWIFT = YES;
				INFOPLIST_FILE = CommandArguments.xcodeproj/CommandArgumentsTestSuite_Info.plist;
				LD_RUNPATH_SEARCH_PATHS = "@loader_path/../Frameworks";
				OTHER_LDFLAGS = "$(inherited)";
				OTHER_SWIFT_FLAGS = "$(inherited)";
			};
			name = Release;
		};
		"___DebugConf_CommandArguments" /* Debug */ = {
			isa = XCBuildConfiguration;
			buildSettings = {
				ENABLE_TESTABILITY = YES;
				INFOPLIST_FILE = CommandArguments.xcodeproj/CommandArguments_Info.plist;
				LD_RUNPATH_SEARCH_PATHS = "$(TOOLCHAIN_DIR)/usr/lib/swift/macosx";
				OTHER_LDFLAGS = "$(inherited)";
				OTHER_SWIFT_FLAGS = "$(inherited)";
				PRODUCT_MODULE_NAME = "$(TARGET_NAME:c99extidentifier)";
				PRODUCT_NAME = "$(TARGET_NAME:c99extidentifier)";
				SWIFT_OPTIMIZATION_LEVEL = "-Onone";
			};
			name = Debug;
		};
		"___DebugConf_CommandArgumentsTestSuite" /* Debug */ = {
			isa = XCBuildConfiguration;
			buildSettings = {
				EMBEDDED_CONTENT_CONTAINS_SWIFT = YES;
				INFOPLIST_FILE = CommandArguments.xcodeproj/CommandArgumentsTestSuite_Info.plist;
				LD_RUNPATH_SEARCH_PATHS = "@loader_path/../Frameworks";
				OTHER_LDFLAGS = "$(inherited)";
				OTHER_SWIFT_FLAGS = "$(inherited)";
				SWIFT_OPTIMIZATION_LEVEL = "-Onone";
			};
			name = Debug;
		};
		"_____Release_" /* Release */ = {
			isa = XCBuildConfiguration;
			baseConfigurationReference = __PBXFileRef_CommandArguments.xcodeproj/Configs/Project.xcconfig /* Project.xcconfig */;
			buildSettings = {
			};
			name = Release;
		};
		"_______Debug_" /* Debug */ = {
			isa = XCBuildConfiguration;
			baseConfigurationReference = __PBXFileRef_CommandArguments.xcodeproj/Configs/Project.xcconfig /* Project.xcconfig */;
			buildSettings = {
			};
			name = Debug;
		};
/* End XCBuildConfiguration section */

/* Begin XCConfigurationList section */
		"___RootConfs_" /* Build configuration list for PBXProject "CommandArguments" */ = {
			isa = XCConfigurationList;
			buildConfigurations = (
				"_______Debug_" /* Debug */,
				"_____Release_" /* Release */,
			);
			defaultConfigurationIsVisible = 0;
			defaultConfigurationName = Debug;
		};
		"_______Confs_CommandArguments" /* Build configuration list for PBXNativeTarget "CommandArguments" */ = {
			isa = XCConfigurationList;
			buildConfigurations = (
				"___DebugConf_CommandArguments" /* Debug */,
				_ReleaseConf_CommandArguments /* Release */,
			);
			defaultConfigurationIsVisible = 0;
			defaultConfigurationName = Debug;
		};
		"_______Confs_CommandArgumentsTestSuite" /* Build configuration list for PBXNativeTarget "CommandArgumentsTestSuite" */ = {
			isa = XCConfigurationList;
			buildConfigurations = (
				"___DebugConf_CommandArgumentsTestSuite" /* Debug */,
				_ReleaseConf_CommandArgumentsTestSuite /* Release */,
			);
			defaultConfigurationIsVisible = 0;
			defaultConfigurationName = Debug;
		};
/* End XCConfigurationList section */
	};
	rootObject = __RootObject_ /* Project object */;
}
