// !$*UTF8*$!
{
	archiveVersion = 1;
	classes = {
	};
	objectVersion = 46;
	objects = {

/* Begin PBXBuildFile section */
		203A45611D2996280034334D /* Parser.swift in Sources */ = {isa = PBXBuildFile; fileRef = 203A45601D2996280034334D /* Parser.swift */; };
		207DC7DB1D30F59800989E1E /* Errors.swift in Sources */ = {isa = PBXBuildFile; fileRef = 207DC7DA1D30F59800989E1E /* Errors.swift */; };
		207DC7E21D30F7AF00989E1E /* Bool.swift in Sources */ = {isa = PBXBuildFile; fileRef = 207DC7DC1D30F7AF00989E1E /* Bool.swift */; };
		207DC7E31D30F7AF00989E1E /* Custom.swift in Sources */ = {isa = PBXBuildFile; fileRef = 207DC7DD1D30F7AF00989E1E /* Custom.swift */; };
		207DC7E41D30F7AF00989E1E /* MultiString.swift in Sources */ = {isa = PBXBuildFile; fileRef = 207DC7DE1D30F7AF00989E1E /* MultiString.swift */; };
		207DC7E51D30F7AF00989E1E /* OptionalString.swift in Sources */ = {isa = PBXBuildFile; fileRef = 207DC7DF1D30F7AF00989E1E /* OptionalString.swift */; };
		207DC7E61D30F7AF00989E1E /* String.swift in Sources */ = {isa = PBXBuildFile; fileRef = 207DC7E01D30F7AF00989E1E /* String.swift */; };
		207DC7E71D30F7AF00989E1E /* VariadicString.swift in Sources */ = {isa = PBXBuildFile; fileRef = 207DC7E11D30F7AF00989E1E /* VariadicString.swift */; };
		20B57EA41D28F3C1007996AA /* Option.swift in Sources */ = {isa = PBXBuildFile; fileRef = 20B57EA31D28F3C1007996AA /* Option.swift */; };
		20C5D0151D2CB0FD006D8520 /* Operand.swift in Sources */ = {isa = PBXBuildFile; fileRef = 20C5D0141D2CB0FD006D8520 /* Operand.swift */; };
		20C5D0171D2CB432006D8520 /* ArgumentTests.swift in Sources */ = {isa = PBXBuildFile; fileRef = 20C5D0161D2CB432006D8520 /* ArgumentTests.swift */; };
		20C5E2201D2CFBD500B20FB5 /* CommandArgumentsTests.swift in Sources */ = {isa = PBXBuildFile; fileRef = 20C5E21F1D2CFBD500B20FB5 /* CommandArgumentsTests.swift */; };
		20DB17D91D30573400114B86 /* StringTests.swift in Sources */ = {isa = PBXBuildFile; fileRef = 20DB17D81D30573400114B86 /* StringTests.swift */; };
		20DB17DC1D305B0900114B86 /* BoolTests.swift in Sources */ = {isa = PBXBuildFile; fileRef = 20DB17DB1D305B0900114B86 /* BoolTests.swift */; };
		20DB17E01D305E4E00114B86 /* MultiStringTests.swift in Sources */ = {isa = PBXBuildFile; fileRef = 20DB17DF1D305E4E00114B86 /* MultiStringTests.swift */; };
		20DB17E41D3060F000114B86 /* OptionalStringTests.swift in Sources */ = {isa = PBXBuildFile; fileRef = 20DB17E31D3060F000114B86 /* OptionalStringTests.swift */; };
		20DB17E81D30634D00114B86 /* VariadicStringTests.swift in Sources */ = {isa = PBXBuildFile; fileRef = 20DB17E71D30634D00114B86 /* VariadicStringTests.swift */; };
		20E1417F1D3042DA00C9DE36 /* CustomTests.swift in Sources */ = {isa = PBXBuildFile; fileRef = 20E1417E1D3042DA00C9DE36 /* CustomTests.swift */; };
		_LinkFileRef_CommandArguments_via_CommandArgumentsTestSuite /* CommandArguments.framework in Frameworks */ = {isa = PBXBuildFile; fileRef = "_____Product_CommandArguments" /* CommandArguments.framework */; };
		__src_cc_ref_Sources/CommandArguments.swift /* CommandArguments.swift in Sources */ = {isa = PBXBuildFile; fileRef = __PBXFileRef_Sources/CommandArguments.swift /* CommandArguments.swift */; };
		__src_cc_ref_Tests/CommandArguments/CommandArgumentsTests.swift /* OptionTests.swift in Sources */ = {isa = PBXBuildFile; fileRef = __PBXFileRef_Tests/CommandArguments/CommandArgumentsTests.swift /* OptionTests.swift */; };
/* End PBXBuildFile section */

/* Begin PBXContainerItemProxy section */
		20B57EA01D286D50007996AA /* PBXContainerItemProxy */ = {
			isa = PBXContainerItemProxy;
			containerPortal = __RootObject_ /* Project object */;
			proxyType = 1;
			remoteGlobalIDString = "______Target_CommandArguments";
			remoteInfo = CommandArguments;
		};
/* End PBXContainerItemProxy section */

/* Begin PBXFileReference section */
		203A45601D2996280034334D /* Parser.swift */ = {isa = PBXFileReference; fileEncoding = 4; lastKnownFileType = sourcecode.swift; path = Parser.swift; sourceTree = "<group>"; };
		207DC7DA1D30F59800989E1E /* Errors.swift */ = {isa = PBXFileReference; fileEncoding = 4; lastKnownFileType = sourcecode.swift; path = Errors.swift; sourceTree = "<group>"; };
		207DC7DC1D30F7AF00989E1E /* Bool.swift */ = {isa = PBXFileReference; fileEncoding = 4; lastKnownFileType = sourcecode.swift; path = Bool.swift; sourceTree = "<group>"; };
		207DC7DD1D30F7AF00989E1E /* Custom.swift */ = {isa = PBXFileReference; fileEncoding = 4; lastKnownFileType = sourcecode.swift; path = Custom.swift; sourceTree = "<group>"; };
		207DC7DE1D30F7AF00989E1E /* MultiString.swift */ = {isa = PBXFileReference; fileEncoding = 4; lastKnownFileType = sourcecode.swift; path = MultiString.swift; sourceTree = "<group>"; };
		207DC7DF1D30F7AF00989E1E /* OptionalString.swift */ = {isa = PBXFileReference; fileEncoding = 4; lastKnownFileType = sourcecode.swift; path = OptionalString.swift; sourceTree = "<group>"; };
		207DC7E01D30F7AF00989E1E /* String.swift */ = {isa = PBXFileReference; fileEncoding = 4; lastKnownFileType = sourcecode.swift; path = String.swift; sourceTree = "<group>"; };
		207DC7E11D30F7AF00989E1E /* VariadicString.swift */ = {isa = PBXFileReference; fileEncoding = 4; lastKnownFileType = sourcecode.swift; path = VariadicString.swift; sourceTree = "<group>"; };
		20B57EA31D28F3C1007996AA /* Option.swift */ = {isa = PBXFileReference; fileEncoding = 4; lastKnownFileType = sourcecode.swift; path = Option.swift; sourceTree = "<group>"; };
		20C5D0141D2CB0FD006D8520 /* Operand.swift */ = {isa = PBXFileReference; fileEncoding = 4; lastKnownFileType = sourcecode.swift; path = Operand.swift; sourceTree = "<group>"; };
		20C5D0161D2CB432006D8520 /* ArgumentTests.swift */ = {isa = PBXFileReference; fileEncoding = 4; lastKnownFileType = sourcecode.swift; path = ArgumentTests.swift; sourceTree = "<group>"; };
		20C5E21F1D2CFBD500B20FB5 /* CommandArgumentsTests.swift */ = {isa = PBXFileReference; fileEncoding = 4; lastKnownFileType = sourcecode.swift; path = CommandArgumentsTests.swift; sourceTree = "<group>"; };
		20DB17D81D30573400114B86 /* StringTests.swift */ = {isa = PBXFileReference; fileEncoding = 4; lastKnownFileType = sourcecode.swift; path = StringTests.swift; sourceTree = "<group>"; };
		20DB17DB1D305B0900114B86 /* BoolTests.swift */ = {isa = PBXFileReference; fileEncoding = 4; lastKnownFileType = sourcecode.swift; path = BoolTests.swift; sourceTree = "<group>"; };
		20DB17DF1D305E4E00114B86 /* MultiStringTests.swift */ = {isa = PBXFileReference; fileEncoding = 4; lastKnownFileType = sourcecode.swift; path = MultiStringTests.swift; sourceTree = "<group>"; };
		20DB17E31D3060F000114B86 /* OptionalStringTests.swift */ = {isa = PBXFileReference; fileEncoding = 4; lastKnownFileType = sourcecode.swift; path = OptionalStringTests.swift; sourceTree = "<group>"; };
		20DB17E71D30634D00114B86 /* VariadicStringTests.swift */ = {isa = PBXFileReference; fileEncoding = 4; lastKnownFileType = sourcecode.swift; path = VariadicStringTests.swift; sourceTree = "<group>"; };
		20E1417E1D3042DA00C9DE36 /* CustomTests.swift */ = {isa = PBXFileReference; fileEncoding = 4; lastKnownFileType = sourcecode.swift; path = CustomTests.swift; sourceTree = "<group>"; };
		20E8609F1D2EEB8900E2F394 /* Doc.playground */ = {isa = PBXFileReference; lastKnownFileType = file.playground; path = Doc.playground; sourceTree = "<group>"; };
		20E860A01D2EED5400E2F394 /* README.md */ = {isa = PBXFileReference; lastKnownFileType = net.daringfireball.markdown; path = README.md; sourceTree = "<group>"; };
		__PBXFileRef_CommandArguments.xcodeproj/Configs/Project.xcconfig /* Project.xcconfig */ = {isa = PBXFileReference; lastKnownFileType = text.xcconfig; name = Project.xcconfig; path = CommandArguments.xcodeproj/Configs/Project.xcconfig; sourceTree = "<group>"; };
		__PBXFileRef_CommandArgumentsTestSuite_Info.plist /* CommandArgumentsTestSuite_Info.plist */ = {isa = PBXFileReference; lastKnownFileType = text.plist.xml; name = CommandArgumentsTestSuite_Info.plist; path = CommandArguments.xcodeproj/CommandArgumentsTestSuite_Info.plist; sourceTree = SOURCE_ROOT; };
		__PBXFileRef_CommandArguments_Info.plist /* CommandArguments_Info.plist */ = {isa = PBXFileReference; lastKnownFileType = text.plist.xml; name = CommandArguments_Info.plist; path = CommandArguments.xcodeproj/CommandArguments_Info.plist; sourceTree = SOURCE_ROOT; };
		__PBXFileRef_Package.swift /* Package.swift */ = {isa = PBXFileReference; lastKnownFileType = sourcecode.swift; path = Package.swift; sourceTree = "<group>"; };
		__PBXFileRef_Sources/CommandArguments.swift /* CommandArguments.swift */ = {isa = PBXFileReference; lastKnownFileType = sourcecode.swift; path = CommandArguments.swift; sourceTree = "<group>"; };
		__PBXFileRef_Tests/CommandArguments/CommandArgumentsTests.swift /* OptionTests.swift */ = {isa = PBXFileReference; lastKnownFileType = sourcecode.swift; path = OptionTests.swift; sourceTree = "<group>"; };
		"_____Product_CommandArguments" /* CommandArguments.framework */ = {isa = PBXFileReference; explicitFileType = wrapper.framework; path = CommandArguments.framework; sourceTree = BUILT_PRODUCTS_DIR; };
		"_____Product_CommandArgumentsTestSuite" /* CommandArgumentsTestSuite.xctest */ = {isa = PBXFileReference; lastKnownFileType = file; path = CommandArgumentsTestSuite.xctest; sourceTree = BUILT_PRODUCTS_DIR; };
/* End PBXFileReference section */

/* Begin PBXFrameworksBuildPhase section */
		"___LinkPhase_CommandArguments" /* Frameworks */ = {
			isa = PBXFrameworksBuildPhase;
			buildActionMask = 0;
			files = (
			);
			runOnlyForDeploymentPostprocessing = 0;
		};
		"___LinkPhase_CommandArgumentsTestSuite" /* Frameworks */ = {
			isa = PBXFrameworksBuildPhase;
			buildActionMask = 0;
			files = (
				_LinkFileRef_CommandArguments_via_CommandArgumentsTestSuite /* CommandArguments.framework in Frameworks */,
			);
			runOnlyForDeploymentPostprocessing = 0;
		};
/* End PBXFrameworksBuildPhase section */

/* Begin PBXGroup section */
		20DB17D51D3054E800114B86 /* Types */ = {
			isa = PBXGroup;
			children = (
				207DC7DC1D30F7AF00989E1E /* Bool.swift */,
				207DC7E01D30F7AF00989E1E /* String.swift */,
				207DC7DE1D30F7AF00989E1E /* MultiString.swift */,
				207DC7DF1D30F7AF00989E1E /* OptionalString.swift */,
				207DC7E11D30F7AF00989E1E /* VariadicString.swift */,
				207DC7DD1D30F7AF00989E1E /* Custom.swift */,
			);
			name = Types;
			sourceTree = "<group>";
		};
		20DB17DA1D30573B00114B86 /* Types */ = {
			isa = PBXGroup;
			children = (
				20DB17DB1D305B0900114B86 /* BoolTests.swift */,
				20DB17D81D30573400114B86 /* StringTests.swift */,
				20DB17DF1D305E4E00114B86 /* MultiStringTests.swift */,
				20DB17E31D3060F000114B86 /* OptionalStringTests.swift */,
				20DB17E71D30634D00114B86 /* VariadicStringTests.swift */,
				20E1417E1D3042DA00C9DE36 /* CustomTests.swift */,
			);
			name = Types;
			sourceTree = "<group>";
		};
		TestProducts_ /* Tests */ = {
			isa = PBXGroup;
			children = (
				"_____Product_CommandArgumentsTestSuite" /* CommandArgumentsTestSuite.xctest */,
			);
			name = Tests;
			sourceTree = "<group>";
		};
		"___RootGroup_" = {
			isa = PBXGroup;
			children = (
				20E8609F1D2EEB8900E2F394 /* Doc.playground */,
				20E860A01D2EED5400E2F394 /* README.md */,
				__PBXFileRef_Package.swift /* Package.swift */,
				"_____Configs_" /* Configs */,
				"_____Sources_" /* Sources */,
				"_______Tests_" /* Tests */,
				"____Products_" /* Products */,
			);
			sourceTree = "<group>";
		};
		"____Products_" /* Products */ = {
			isa = PBXGroup;
			children = (
				TestProducts_ /* Tests */,
				"_____Product_CommandArguments" /* CommandArguments.framework */,
			);
			name = Products;
			sourceTree = "<group>";
		};
		"_____Configs_" /* Configs */ = {
			isa = PBXGroup;
			children = (
				__PBXFileRef_CommandArguments.xcodeproj/Configs/Project.xcconfig /* Project.xcconfig */,
			);
			name = Configs;
			sourceTree = "<group>";
		};
		"_____Sources_" /* Sources */ = {
			isa = PBXGroup;
			children = (
				"_______Group_CommandArguments" /* CommandArguments */,
			);
			name = Sources;
			sourceTree = "<group>";
		};
		"_______Group_CommandArguments" /* CommandArguments */ = {
			isa = PBXGroup;
			children = (
				__PBXFileRef_Sources/CommandArguments.swift /* CommandArguments.swift */,
				20B57EA31D28F3C1007996AA /* Option.swift */,
				20C5D0141D2CB0FD006D8520 /* Operand.swift */,
				203A45601D2996280034334D /* Parser.swift */,
				207DC7DA1D30F59800989E1E /* Errors.swift */,
				20DB17D51D3054E800114B86 /* Types */,
				__PBXFileRef_CommandArguments_Info.plist /* CommandArguments_Info.plist */,
			);
			name = CommandArguments;
			path = Sources;
			sourceTree = "<group>";
		};
		"_______Group_CommandArgumentsTestSuite" /* CommandArgumentsTestSuite */ = {
			isa = PBXGroup;
			children = (
				20C5E21F1D2CFBD500B20FB5 /* CommandArgumentsTests.swift */,
				20C5D0161D2CB432006D8520 /* ArgumentTests.swift */,
				__PBXFileRef_Tests/CommandArguments/CommandArgumentsTests.swift /* OptionTests.swift */,
				20DB17DA1D30573B00114B86 /* Types */,
				__PBXFileRef_CommandArgumentsTestSuite_Info.plist /* CommandArgumentsTestSuite_Info.plist */,
			);
			name = CommandArgumentsTestSuite;
			path = Tests/CommandArguments;
			sourceTree = "<group>";
		};
		"_______Tests_" /* Tests */ = {
			isa = PBXGroup;
			children = (
				"_______Group_CommandArgumentsTestSuite" /* CommandArgumentsTestSuite */,
			);
			name = Tests;
			sourceTree = "<group>";
		};
/* End PBXGroup section */

/* Begin PBXNativeTarget section */
		"______Target_CommandArguments" /* CommandArguments */ = {
			isa = PBXNativeTarget;
			buildConfigurationList = "_______Confs_CommandArguments" /* Build configuration list for PBXNativeTarget "CommandArguments" */;
			buildPhases = (
				CompilePhase_CommandArguments /* Sources */,
				"___LinkPhase_CommandArguments" /* Frameworks */,
			);
			buildRules = (
			);
			dependencies = (
			);
			name = CommandArguments;
			productName = CommandArguments;
			productReference = "_____Product_CommandArguments" /* CommandArguments.framework */;
			productType = "com.apple.product-type.framework";
		};
		"______Target_CommandArgumentsTestSuite" /* CommandArgumentsTestSuite */ = {
			isa = PBXNativeTarget;
			buildConfigurationList = "_______Confs_CommandArgumentsTestSuite" /* Build configuration list for PBXNativeTarget "CommandArgumentsTestSuite" */;
			buildPhases = (
				CompilePhase_CommandArgumentsTestSuite /* Sources */,
				"___LinkPhase_CommandArgumentsTestSuite" /* Frameworks */,
			);
			buildRules = (
			);
			dependencies = (
				__Dependency_CommandArguments /* PBXTargetDependency */,
			);
			name = CommandArgumentsTestSuite;
			productName = CommandArgumentsTestSuite;
			productReference = "_____Product_CommandArgumentsTestSuite" /* CommandArgumentsTestSuite.xctest */;
			productType = "com.apple.product-type.bundle.unit-test";
		};
/* End PBXNativeTarget section */

/* Begin PBXProject section */
		__RootObject_ /* Project object */ = {
			isa = PBXProject;
			attributes = {
				LastUpgradeCheck = 9999;
			};
			buildConfigurationList = "___RootConfs_" /* Build configuration list for PBXProject "CommandArguments" */;
			compatibilityVersion = "Xcode 3.2";
			developmentRegion = English;
			hasScannedForEncodings = 0;
			knownRegions = (
				en,
			);
			mainGroup = "___RootGroup_";
			productRefGroup = "____Products_" /* Products */;
			projectDirPath = "";
			projectRoot = "";
			targets = (
				"______Target_CommandArguments" /* CommandArguments */,
				"______Target_CommandArgumentsTestSuite" /* CommandArgumentsTestSuite */,
			);
		};
/* End PBXProject section */

/* Begin PBXSourcesBuildPhase section */
		CompilePhase_CommandArguments /* Sources */ = {
			isa = PBXSourcesBuildPhase;
			buildActionMask = 0;
			files = (
				207DC7E31D30F7AF00989E1E /* Custom.swift in Sources */,
				207DC7E71D30F7AF00989E1E /* VariadicString.swift in Sources */,
				203A45611D2996280034334D /* Parser.swift in Sources */,
				207DC7E61D30F7AF00989E1E /* String.swift in Sources */,
				20B57EA41D28F3C1007996AA /* Option.swift in Sources */,
				207DC7DB1D30F59800989E1E /* Errors.swift in Sources */,
				207DC7E51D30F7AF00989E1E /* OptionalString.swift in Sources */,
				__src_cc_ref_Sources/CommandArguments.swift /* CommandArguments.swift in Sources */,
				20C5D0151D2CB0FD006D8520 /* Operand.swift in Sources */,
				207DC7E41D30F7AF00989E1E /* MultiString.swift in Sources */,
				207DC7E21D30F7AF00989E1E /* Bool.swift in Sources */,
			);
			runOnlyForDeploymentPostprocessing = 0;
		};
		CompilePhase_CommandArgumentsTestSuite /* Sources */ = {
			isa = PBXSourcesBuildPhase;
			buildActionMask = 0;
			files = (
				20C5E2201D2CFBD500B20FB5 /* CommandArgumentsTests.swift in Sources */,
				20DB17D91D30573400114B86 /* StringTests.swift in Sources */,
				20DB17E01D305E4E00114B86 /* MultiStringTests.swift in Sources */,
				__src_cc_ref_Tests/CommandArguments/CommandArgumentsTests.swift /* OptionTests.swift in Sources */,
				20DB17E41D3060F000114B86 /* OptionalStringTests.swift in Sources */,
				20E1417F1D3042DA00C9DE36 /* CustomTests.swift in Sources */,
				20DB17E81D30634D00114B86 /* VariadicStringTests.swift in Sources */,
				20C5D0171D2CB432006D8520 /* ArgumentTests.swift in Sources */,
				20DB17DC1D305B0900114B86 /* BoolTests.swift in Sources */,
			);
			runOnlyForDeploymentPostprocessing = 0;
		};
/* End PBXSourcesBuildPhase section */

/* Begin PBXTargetDependency section */
		__Dependency_CommandArguments /* PBXTargetDependency */ = {
			isa = PBXTargetDependency;
			target = "______Target_CommandArguments" /* CommandArguments */;
			targetProxy = 20B57EA01D286D50007996AA /* PBXContainerItemProxy */;
		};
/* End PBXTargetDependency section */

/* Begin XCBuildConfiguration section */
		_ReleaseConf_CommandArguments /* Release */ = {
			isa = XCBuildConfiguration;
			buildSettings = {
				ENABLE_TESTABILITY = YES;
				INFOPLIST_FILE = CommandArguments.xcodeproj/CommandArguments_Info.plist;
				LD_RUNPATH_SEARCH_PATHS = "$(TOOLCHAIN_DIR)/usr/lib/swift/macosx";
				OTHER_LDFLAGS = "$(inherited)";
				OTHER_SWIFT_FLAGS = "$(inherited)";
				PRODUCT_MODULE_NAME = "$(TARGET_NAME:c99extidentifier)";
				PRODUCT_NAME = "$(TARGET_NAME:c99extidentifier)";
			};
			name = Release;
		};
		_ReleaseConf_CommandArgumentsTestSuite /* Release */ = {
			isa = XCBuildConfiguration;
			buildSettings = {
				EMBEDDED_CONTENT_CONTAINS_SWIFT = YES;
				INFOPLIST_FILE = CommandArguments.xcodeproj/CommandArgumentsTestSuite_Info.plist;
				LD_RUNPATH_SEARCH_PATHS = "@loader_path/../Frameworks";
				OTHER_LDFLAGS = "$(inherited)";
				OTHER_SWIFT_FLAGS = "$(inherited)";
			};
			name = Release;
		};
		"___DebugConf_CommandArguments" /* Debug */ = {
			isa = XCBuildConfiguration;
			buildSettings = {
				ENABLE_TESTABILITY = YES;
				INFOPLIST_FILE = CommandArguments.xcodeproj/CommandArguments_Info.plist;
				LD_RUNPATH_SEARCH_PATHS = "$(TOOLCHAIN_DIR)/usr/lib/swift/macosx";
				OTHER_LDFLAGS = "$(inherited)";
				OTHER_SWIFT_FLAGS = "$(inherited)";
				PRODUCT_MODULE_NAME = "$(TARGET_NAME:c99extidentifier)";
				PRODUCT_NAME = "$(TARGET_NAME:c99extidentifier)";
				SWIFT_OPTIMIZATION_LEVEL = "-Onone";
			};
			name = Debug;
		};
		"___DebugConf_CommandArgumentsTestSuite" /* Debug */ = {
			isa = XCBuildConfiguration;
			buildSettings = {
				EMBEDDED_CONTENT_CONTAINS_SWIFT = YES;
				INFOPLIST_FILE = CommandArguments.xcodeproj/CommandArgumentsTestSuite_Info.plist;
				LD_RUNPATH_SEARCH_PATHS = "@loader_path/../Frameworks";
				OTHER_LDFLAGS = "$(inherited)";
				OTHER_SWIFT_FLAGS = "$(inherited)";
				SWIFT_OPTIMIZATION_LEVEL = "-Onone";
			};
			name = Debug;
		};
		"_____Release_" /* Release */ = {
			isa = XCBuildConfiguration;
			baseConfigurationReference = __PBXFileRef_CommandArguments.xcodeproj/Configs/Project.xcconfig /* Project.xcconfig */;
			buildSettings = {
			};
			name = Release;
		};
		"_______Debug_" /* Debug */ = {
			isa = XCBuildConfiguration;
			baseConfigurationReference = __PBXFileRef_CommandArguments.xcodeproj/Configs/Project.xcconfig /* Project.xcconfig */;
			buildSettings = {
			};
			name = Debug;
		};
/* End XCBuildConfiguration section */

/* Begin XCConfigurationList section */
		"___RootConfs_" /* Build configuration list for PBXProject "CommandArguments" */ = {
			isa = XCConfigurationList;
			buildConfigurations = (
				"_______Debug_" /* Debug */,
				"_____Release_" /* Release */,
			);
			defaultConfigurationIsVisible = 0;
			defaultConfigurationName = Debug;
		};
		"_______Confs_CommandArguments" /* Build configuration list for PBXNativeTarget "CommandArguments" */ = {
			isa = XCConfigurationList;
			buildConfigurations = (
				"___DebugConf_CommandArguments" /* Debug */,
				_ReleaseConf_CommandArguments /* Release */,
			);
			defaultConfigurationIsVisible = 0;
			defaultConfigurationName = Debug;
		};
		"_______Confs_CommandArgumentsTestSuite" /* Build configuration list for PBXNativeTarget "CommandArgumentsTestSuite" */ = {
			isa = XCConfigurationList;
			buildConfigurations = (
				"___DebugConf_CommandArgumentsTestSuite" /* Debug */,
				_ReleaseConf_CommandArgumentsTestSuite /* Release */,
			);
			defaultConfigurationIsVisible = 0;
			defaultConfigurationName = Debug;
		};
/* End XCConfigurationList section */
	};
	rootObject = __RootObject_ /* Project object */;
}
